# THIS IS AN AUTOGENERATED FILE. DO NOT EDIT THIS FILE DIRECTLY.
# yarn lockfile v1


readline-promise@^1.0.5:
  version "1.0.5"
  resolved "https://registry.yarnpkg.com/readline-promise/-/readline-promise-1.0.5.tgz#26ccac73b9124d5c07f7e8398fe5d7fb1e6b198b"
  integrity sha512-rlqCVq6aaHxJCOJ0CzDHUi9Kj9JPBpnGFkdl6JefVjy0O/dGuBP+CovaHfaftUwElUlIeUs0E/a3Z5y45vRTVA==
